{
  "name": "a",
  "version": "1.0.0",
  "lockfileVersion": 2,
  "requires": true,
  "packages": {
    "": {
      "name": "a",
      "version": "1.0.0",
      "license": "ISC",
      "dependencies": {
        "b": "file:.yalc/b"
      }
    },
    ".yalc/b": {
      "version": "1.0.0",
      "license": "ISC"
    },
    "node_modules/b": {
      "resolved": ".yalc/b",
      "link": true
    }
  },
  "dependencies": {
    "b": {
      "version": "file:.yalc/b"
    }
  }
}
