{
  "name": "root",
  "version": "1.0.0",
  "lockfileVersion": 2,
  "requires": true,
  "packages": {
    "": {
      "name": "root",
      "version": "1.0.0",
      "license": "ISC",
      "dependencies": {
        "a": "file:.yalc/a"
      }
    },
    ".yalc/a": {
      "version": "1.0.0",
      "license": "ISC",
      "dependencies": {
        "b": "file:.yalc/b"
      }
    },
    ".yalc/a/.yalc/b": {
      "version": "1.0.0",
      "license": "ISC"
    },
    "node_modules/a": {
      "resolved": ".yalc/a",
      "link": true
    },
    "node_modules/b": {
      "resolved": ".yalc/a/.yalc/b",
      "link": true
    }
  },
  "dependencies": {
    "a": {
      "version": "file:.yalc/a",
      "requires": {
        "b": "file:.yalc/b"
      }
    },
    "b": {
      "version": "file:.yalc/a/.yalc/b"
    }
  }
}
